
Microsoft Visual Studio Solution File, Format Version 12.00
# Visual Studio Version 16
VisualStudioVersion = 16.0.33801.447
MinimumVisualStudioVersion = 10.0.40219.1
Project("{FAE04EC0-301F-11D3-BF4B-00C04F79EFBC}") = "Proje10", "Proje10\Proje10.csproj", "{53498FCF-C6E1-44B6-8E16-6BB28D9D7385}"
EndProject
Global
	GlobalSection(SolutionConfigurationPlatforms) = preSolution
		Debug|Any CPU = Debug|Any CPU
		Release|Any CPU = Release|Any CPU
	EndGlobalSection
	GlobalSection(ProjectConfigurationPlatforms) = postSolution
		{53498FCF-C6E1-44B6-8E16-6BB28D9D7385}.Debug|Any CPU.ActiveCfg = Debug|Any CPU
		{53498FCF-C6E1-44B6-8E16-6BB28D9D7385}.Debug|Any CPU.Build.0 = Debug|Any CPU
		{53498FCF-C6E1-44B6-8E16-6BB28D9D7385}.Release|Any CPU.ActiveCfg = Release|Any CPU
		{53498FCF-C6E1-44B6-8E16-6BB28D9D7385}.Release|Any CPU.Build.0 = Release|Any CPU
	EndGlobalSection
	GlobalSection(SolutionProperties) = preSolution
		HideSolutionNode = FALSE
	EndGlobalSection
	GlobalSection(ExtensibilityGlobals) = postSolution
		SolutionGuid = {8EA8EDB4-CAC4-4E38-8ACC-9D80360559D7}
	EndGlobalSection
EndGlobal
